
Microsoft Visual Studio Solution File, Format Version 12.00
# Visual Studio Version 17
VisualStudioVersion = 17.6.33712.159
MinimumVisualStudioVersion = 10.0.40219.1
Project("{9A19103F-16F7-4668-BE54-9A1E7A4F7556}") = "Esemka.API", "Esemka.API\Esemka.API.csproj", "{7B3423E5-AEFD-4823-87E0-8370A27B10F9}"
EndProject
Global
	GlobalSection(SolutionConfigurationPlatforms) = preSolution
		Debug|Any CPU = Debug|Any CPU
		Release|Any CPU = Release|Any CPU
	EndGlobalSection
	GlobalSection(ProjectConfigurationPlatforms) = postSolution
		{7B3423E5-AEFD-4823-87E0-8370A27B10F9}.Debug|Any CPU.ActiveCfg = Debug|Any CPU
		{7B3423E5-AEFD-4823-87E0-8370A27B10F9}.Debug|Any CPU.Build.0 = Debug|Any CPU
		{7B3423E5-AEFD-4823-87E0-8370A27B10F9}.Release|Any CPU.ActiveCfg = Release|Any CPU
		{7B3423E5-AEFD-4823-87E0-8370A27B10F9}.Release|Any CPU.Build.0 = Release|Any CPU
	EndGlobalSection
	GlobalSection(SolutionProperties) = preSolution
		HideSolutionNode = FALSE
	EndGlobalSection
	GlobalSection(ExtensibilityGlobals) = postSolution
		SolutionGuid = {74F8B7C8-370E-428B-8CFE-92E06973C349}
	EndGlobalSection
EndGlobal
